// !$*UTF8*$!
{
	archiveVersion = 1;
	classes = {
	};
	objectVersion = 55;
	objects = {

/* Begin PBXBuildFile section */
		FE4774862900A15B0084CBF9 /* DomainStructures.swift in Sources */ = {isa = PBXBuildFile; fileRef = FE4774852900A15B0084CBF9 /* DomainStructures.swift */; };
		FE4774892900A1C90084CBF9 /* DateHelper.swift in Sources */ = {isa = PBXBuildFile; fileRef = FE4774882900A1C90084CBF9 /* DateHelper.swift */; };
		FE47748C2900A2270084CBF9 /* ItemViewModel.swift in Sources */ = {isa = PBXBuildFile; fileRef = FE47748B2900A2270084CBF9 /* ItemViewModel.swift */; };
		FE47748F2900A2890084CBF9 /* Presenter.swift in Sources */ = {isa = PBXBuildFile; fileRef = FE47748E2900A2890084CBF9 /* Presenter.swift */; };
		FE4774912900A3D50084CBF9 /* PresenterProtocol.swift in Sources */ = {isa = PBXBuildFile; fileRef = FE4774902900A3D50084CBF9 /* PresenterProtocol.swift */; };
		FECB5085290087D000C1024B /* DataLayer.swift in Sources */ = {isa = PBXBuildFile; fileRef = FECB5084290087D000C1024B /* DataLayer.swift */; };
		FECB50892900888100C1024B /* ItemModel.swift in Sources */ = {isa = PBXBuildFile; fileRef = FECB50882900888100C1024B /* ItemModel.swift */; };
		FECB508C29008BB200C1024B /* Item.json in Resources */ = {isa = PBXBuildFile; fileRef = FECB508B29008BB200C1024B /* Item.json */; };
		FECB50902900903A00C1024B /* myTableViewCell.swift in Sources */ = {isa = PBXBuildFile; fileRef = FECB508F2900903A00C1024B /* myTableViewCell.swift */; };
		FECB509329009A8700C1024B /* DataLayerProtocol.swift in Sources */ = {isa = PBXBuildFile; fileRef = FECB509229009A8700C1024B /* DataLayerProtocol.swift */; };
		FEF93C762900861E00E4E221 /* AppDelegate.swift in Sources */ = {isa = PBXBuildFile; fileRef = FEF93C752900861E00E4E221 /* AppDelegate.swift */; };
		FEF93C782900861E00E4E221 /* SceneDelegate.swift in Sources */ = {isa = PBXBuildFile; fileRef = FEF93C772900861E00E4E221 /* SceneDelegate.swift */; };
		FEF93C7A2900861E00E4E221 /* ViewController.swift in Sources */ = {isa = PBXBuildFile; fileRef = FEF93C792900861E00E4E221 /* ViewController.swift */; };
		FEF93C7D2900861E00E4E221 /* Main.storyboard in Resources */ = {isa = PBXBuildFile; fileRef = FEF93C7B2900861E00E4E221 /* Main.storyboard */; };
		FEF93C7F2900861F00E4E221 /* Assets.xcassets in Resources */ = {isa = PBXBuildFile; fileRef = FEF93C7E2900861F00E4E221 /* Assets.xcassets */; };
		FEF93C822900861F00E4E221 /* LaunchScreen.storyboard in Resources */ = {isa = PBXBuildFile; fileRef = FEF93C802900861F00E4E221 /* LaunchScreen.storyboard */; };
		FEF93C8D2900861F00E4E221 /* ChallengeTests.swift in Sources */ = {isa = PBXBuildFile; fileRef = FEF93C8C2900861F00E4E221 /* ChallengeTests.swift */; };
		FEF93C972900861F00E4E221 /* ChallengeUITests.swift in Sources */ = {isa = PBXBuildFile; fileRef = FEF93C962900861F00E4E221 /* ChallengeUITests.swift */; };
		FEF93C992900861F00E4E221 /* ChallengeUITestsLaunchTests.swift in Sources */ = {isa = PBXBuildFile; fileRef = FEF93C982900861F00E4E221 /* ChallengeUITestsLaunchTests.swift */; };
/* End PBXBuildFile section */

/* Begin PBXContainerItemProxy section */
		FEF93C892900861F00E4E221 /* PBXContainerItemProxy */ = {
			isa = PBXContainerItemProxy;
			containerPortal = FEF93C6A2900861E00E4E221 /* Project object */;
			proxyType = 1;
			remoteGlobalIDString = FEF93C712900861E00E4E221;
			remoteInfo = Challenge;
		};
		FEF93C932900861F00E4E221 /* PBXContainerItemProxy */ = {
			isa = PBXContainerItemProxy;
			containerPortal = FEF93C6A2900861E00E4E221 /* Project object */;
			proxyType = 1;
			remoteGlobalIDString = FEF93C712900861E00E4E221;
			remoteInfo = Challenge;
		};
/* End PBXContainerItemProxy section */

/* Begin PBXFileReference section */
		FE4774852900A15B0084CBF9 /* DomainStructures.swift */ = {isa = PBXFileReference; lastKnownFileType = sourcecode.swift; path = DomainStructures.swift; sourceTree = "<group>"; };
		FE4774882900A1C90084CBF9 /* DateHelper.swift */ = {isa = PBXFileReference; lastKnownFileType = sourcecode.swift; path = DateHelper.swift; sourceTree = "<group>"; };
		FE47748B2900A2270084CBF9 /* ItemViewModel.swift */ = {isa = PBXFileReference; lastKnownFileType = sourcecode.swift; path = ItemViewModel.swift; sourceTree = "<group>"; };
		FE47748E2900A2890084CBF9 /* Presenter.swift */ = {isa = PBXFileReference; lastKnownFileType = sourcecode.swift; path = Presenter.swift; sourceTree = "<group>"; };
		FE4774902900A3D50084CBF9 /* PresenterProtocol.swift */ = {isa = PBXFileReference; lastKnownFileType = sourcecode.swift; path = PresenterProtocol.swift; sourceTree = "<group>"; };
		FECB5084290087D000C1024B /* DataLayer.swift */ = {isa = PBXFileReference; lastKnownFileType = sourcecode.swift; path = DataLayer.swift; sourceTree = "<group>"; };
		FECB50882900888100C1024B /* ItemModel.swift */ = {isa = PBXFileReference; lastKnownFileType = sourcecode.swift; path = ItemModel.swift; sourceTree = "<group>"; };
		FECB508B29008BB200C1024B /* Item.json */ = {isa = PBXFileReference; lastKnownFileType = text.json; path = Item.json; sourceTree = "<group>"; };
		FECB508F2900903A00C1024B /* myTableViewCell.swift */ = {isa = PBXFileReference; lastKnownFileType = sourcecode.swift; path = myTableViewCell.swift; sourceTree = "<group>"; };
		FECB509229009A8700C1024B /* DataLayerProtocol.swift */ = {isa = PBXFileReference; lastKnownFileType = sourcecode.swift; path = DataLayerProtocol.swift; sourceTree = "<group>"; };
		FEF93C722900861E00E4E221 /* Challenge.app */ = {isa = PBXFileReference; explicitFileType = wrapper.application; includeInIndex = 0; path = Challenge.app; sourceTree = BUILT_PRODUCTS_DIR; };
		FEF93C752900861E00E4E221 /* AppDelegate.swift */ = {isa = PBXFileReference; lastKnownFileType = sourcecode.swift; path = AppDelegate.swift; sourceTree = "<group>"; };
		FEF93C772900861E00E4E221 /* SceneDelegate.swift */ = {isa = PBXFileReference; lastKnownFileType = sourcecode.swift; path = SceneDelegate.swift; sourceTree = "<group>"; };
		FEF93C792900861E00E4E221 /* ViewController.swift */ = {isa = PBXFileReference; lastKnownFileType = sourcecode.swift; path = ViewController.swift; sourceTree = "<group>"; };
		FEF93C7C2900861E00E4E221 /* Base */ = {isa = PBXFileReference; lastKnownFileType = file.storyboard; name = Base; path = Base.lproj/Main.storyboard; sourceTree = "<group>"; };
		FEF93C7E2900861F00E4E221 /* Assets.xcassets */ = {isa = PBXFileReference; lastKnownFileType = folder.assetcatalog; path = Assets.xcassets; sourceTree = "<group>"; };
		FEF93C812900861F00E4E221 /* Base */ = {isa = PBXFileReference; lastKnownFileType = file.storyboard; name = Base; path = Base.lproj/LaunchScreen.storyboard; sourceTree = "<group>"; };
		FEF93C832900861F00E4E221 /* Info.plist */ = {isa = PBXFileReference; lastKnownFileType = text.plist.xml; path = Info.plist; sourceTree = "<group>"; };
		FEF93C882900861F00E4E221 /* ChallengeTests.xctest */ = {isa = PBXFileReference; explicitFileType = wrapper.cfbundle; includeInIndex = 0; path = ChallengeTests.xctest; sourceTree = BUILT_PRODUCTS_DIR; };
		FEF93C8C2900861F00E4E221 /* ChallengeTests.swift */ = {isa = PBXFileReference; lastKnownFileType = sourcecode.swift; path = ChallengeTests.swift; sourceTree = "<group>"; };
		FEF93C922900861F00E4E221 /* ChallengeUITests.xctest */ = {isa = PBXFileReference; explicitFileType = wrapper.cfbundle; includeInIndex = 0; path = ChallengeUITests.xctest; sourceTree = BUILT_PRODUCTS_DIR; };
		FEF93C962900861F00E4E221 /* ChallengeUITests.swift */ = {isa = PBXFileReference; lastKnownFileType = sourcecode.swift; path = ChallengeUITests.swift; sourceTree = "<group>"; };
		FEF93C982900861F00E4E221 /* ChallengeUITestsLaunchTests.swift */ = {isa = PBXFileReference; lastKnownFileType = sourcecode.swift; path = ChallengeUITestsLaunchTests.swift; sourceTree = "<group>"; };
/* End PBXFileReference section */

/* Begin PBXFrameworksBuildPhase section */
		FEF93C6F2900861E00E4E221 /* Frameworks */ = {
			isa = PBXFrameworksBuildPhase;
			buildActionMask = 2147483647;
			files = (
			);
			runOnlyForDeploymentPostprocessing = 0;
		};
		FEF93C852900861F00E4E221 /* Frameworks */ = {
			isa = PBXFrameworksBuildPhase;
			buildActionMask = 2147483647;
			files = (
			);
			runOnlyForDeploymentPostprocessing = 0;
		};
		FEF93C8F2900861F00E4E221 /* Frameworks */ = {
			isa = PBXFrameworksBuildPhase;
			buildActionMask = 2147483647;
			files = (
			);
			runOnlyForDeploymentPostprocessing = 0;
		};
/* End PBXFrameworksBuildPhase section */

/* Begin PBXGroup section */
		FE4774832900A0020084CBF9 /* Scenes */ = {
			isa = PBXGroup;
			children = (
				FE4774842900A0080084CBF9 /* TableView */,
			);
			path = Scenes;
			sourceTree = "<group>";
		};
		FE4774842900A0080084CBF9 /* TableView */ = {
			isa = PBXGroup;
			children = (
				FEF93C792900861E00E4E221 /* ViewController.swift */,
				FE47748E2900A2890084CBF9 /* Presenter.swift */,
			);
			path = TableView;
			sourceTree = "<group>";
		};
		FE4774872900A1C00084CBF9 /* Helpers */ = {
			isa = PBXGroup;
			children = (
				FE4774882900A1C90084CBF9 /* DateHelper.swift */,
			);
			path = Helpers;
			sourceTree = "<group>";
		};
		FE47748A2900A21B0084CBF9 /* ViewModels */ = {
			isa = PBXGroup;
			children = (
				FE47748B2900A2270084CBF9 /* ItemViewModel.swift */,
			);
			path = ViewModels;
			sourceTree = "<group>";
		};
		FECB5083290087BA00C1024B /* DataLayer */ = {
			isa = PBXGroup;
			children = (
				FECB5084290087D000C1024B /* DataLayer.swift */,
			);
			path = DataLayer;
			sourceTree = "<group>";
		};
		FECB5086290087FC00C1024B /* Data */ = {
			isa = PBXGroup;
			children = (
				FECB508B29008BB200C1024B /* Item.json */,
				FE4774852900A15B0084CBF9 /* DomainStructures.swift */,
			);
			path = Data;
			sourceTree = "<group>";
		};
		FECB508D29008F3800C1024B /* UI */ = {
			isa = PBXGroup;
			children = (
				FE47748A2900A21B0084CBF9 /* ViewModels */,
				FE4774832900A0020084CBF9 /* Scenes */,
				FECB508E29008F4200C1024B /* TableCells */,
			);
			path = UI;
			sourceTree = "<group>";
		};
		FECB508E29008F4200C1024B /* TableCells */ = {
			isa = PBXGroup;
			children = (
				FECB508F2900903A00C1024B /* myTableViewCell.swift */,
			);
			path = TableCells;
			sourceTree = "<group>";
		};
		FECB509129009A7800C1024B /* Protocols */ = {
			isa = PBXGroup;
			children = (
				FECB509229009A8700C1024B /* DataLayerProtocol.swift */,
				FE4774902900A3D50084CBF9 /* PresenterProtocol.swift */,
			);
			path = Protocols;
			sourceTree = "<group>";
		};
		FEF93C692900861E00E4E221 = {
			isa = PBXGroup;
			children = (
				FEF93C742900861E00E4E221 /* Challenge */,
				FEF93C8B2900861F00E4E221 /* ChallengeTests */,
				FEF93C952900861F00E4E221 /* ChallengeUITests */,
				FEF93C732900861E00E4E221 /* Products */,
			);
			sourceTree = "<group>";
		};
		FEF93C732900861E00E4E221 /* Products */ = {
			isa = PBXGroup;
			children = (
				FEF93C722900861E00E4E221 /* Challenge.app */,
				FEF93C882900861F00E4E221 /* ChallengeTests.xctest */,
				FEF93C922900861F00E4E221 /* ChallengeUITests.xctest */,
			);
			name = Products;
			sourceTree = "<group>";
		};
		FEF93C742900861E00E4E221 /* Challenge */ = {
			isa = PBXGroup;
			children = (
				FE4774872900A1C00084CBF9 /* Helpers */,
				FECB509129009A7800C1024B /* Protocols */,
				FECB508D29008F3800C1024B /* UI */,
				FECB5086290087FC00C1024B /* Data */,
				FECB5083290087BA00C1024B /* DataLayer */,
				FEF93CA52900875500E4E221 /* Models */,
				FEF93C752900861E00E4E221 /* AppDelegate.swift */,
				FEF93C772900861E00E4E221 /* SceneDelegate.swift */,
				FEF93C7B2900861E00E4E221 /* Main.storyboard */,
				FEF93C7E2900861F00E4E221 /* Assets.xcassets */,
				FEF93C802900861F00E4E221 /* LaunchScreen.storyboard */,
				FEF93C832900861F00E4E221 /* Info.plist */,
			);
			path = Challenge;
			sourceTree = "<group>";
		};
		FEF93C8B2900861F00E4E221 /* ChallengeTests */ = {
			isa = PBXGroup;
			children = (
				FEF93C8C2900861F00E4E221 /* ChallengeTests.swift */,
			);
			path = ChallengeTests;
			sourceTree = "<group>";
		};
		FEF93C952900861F00E4E221 /* ChallengeUITests */ = {
			isa = PBXGroup;
			children = (
				FEF93C962900861F00E4E221 /* ChallengeUITests.swift */,
				FEF93C982900861F00E4E221 /* ChallengeUITestsLaunchTests.swift */,
			);
			path = ChallengeUITests;
			sourceTree = "<group>";
		};
		FEF93CA52900875500E4E221 /* Models */ = {
			isa = PBXGroup;
			children = (
				FECB50882900888100C1024B /* ItemModel.swift */,
			);
			path = Models;
			sourceTree = "<group>";
		};
/* End PBXGroup section */

/* Begin PBXNativeTarget section */
		FEF93C712900861E00E4E221 /* Challenge */ = {
			isa = PBXNativeTarget;
			buildConfigurationList = FEF93C9C2900861F00E4E221 /* Build configuration list for PBXNativeTarget "Challenge" */;
			buildPhases = (
				FEF93C6E2900861E00E4E221 /* Sources */,
				FEF93C6F2900861E00E4E221 /* Frameworks */,
				FEF93C702900861E00E4E221 /* Resources */,
			);
			buildRules = (
			);
			dependencies = (
			);
			name = Challenge;
			productName = Challenge;
			productReference = FEF93C722900861E00E4E221 /* Challenge.app */;
			productType = "com.apple.product-type.application";
		};
		FEF93C872900861F00E4E221 /* ChallengeTests */ = {
			isa = PBXNativeTarget;
			buildConfigurationList = FEF93C9F2900861F00E4E221 /* Build configuration list for PBXNativeTarget "ChallengeTests" */;
			buildPhases = (
				FEF93C842900861F00E4E221 /* Sources */,
				FEF93C852900861F00E4E221 /* Frameworks */,
				FEF93C862900861F00E4E221 /* Resources */,
			);
			buildRules = (
			);
			dependencies = (
				FEF93C8A2900861F00E4E221 /* PBXTargetDependency */,
			);
			name = ChallengeTests;
			productName = ChallengeTests;
			productReference = FEF93C882900861F00E4E221 /* ChallengeTests.xctest */;
			productType = "com.apple.product-type.bundle.unit-test";
		};
		FEF93C912900861F00E4E221 /* ChallengeUITests */ = {
			isa = PBXNativeTarget;
			buildConfigurationList = FEF93CA22900861F00E4E221 /* Build configuration list for PBXNativeTarget "ChallengeUITests" */;
			buildPhases = (
				FEF93C8E2900861F00E4E221 /* Sources */,
				FEF93C8F2900861F00E4E221 /* Frameworks */,
				FEF93C902900861F00E4E221 /* Resources */,
			);
			buildRules = (
			);
			dependencies = (
				FEF93C942900861F00E4E221 /* PBXTargetDependency */,
			);
			name = ChallengeUITests;
			productName = ChallengeUITests;
			productReference = FEF93C922900861F00E4E221 /* ChallengeUITests.xctest */;
			productType = "com.apple.product-type.bundle.ui-testing";
		};
/* End PBXNativeTarget section */

/* Begin PBXProject section */
		FEF93C6A2900861E00E4E221 /* Project object */ = {
			isa = PBXProject;
			attributes = {
				BuildIndependentTargetsInParallel = 1;
				LastSwiftUpdateCheck = 1330;
				LastUpgradeCheck = 1330;
				TargetAttributes = {
					FEF93C712900861E00E4E221 = {
						CreatedOnToolsVersion = 13.3.1;
					};
					FEF93C872900861F00E4E221 = {
						CreatedOnToolsVersion = 13.3.1;
						TestTargetID = FEF93C712900861E00E4E221;
					};
					FEF93C912900861F00E4E221 = {
						CreatedOnToolsVersion = 13.3.1;
						TestTargetID = FEF93C712900861E00E4E221;
					};
				};
			};
			buildConfigurationList = FEF93C6D2900861E00E4E221 /* Build configuration list for PBXProject "Challenge" */;
			compatibilityVersion = "Xcode 13.0";
			developmentRegion = en;
			hasScannedForEncodings = 0;
			knownRegions = (
				en,
				Base,
			);
			mainGroup = FEF93C692900861E00E4E221;
			productRefGroup = FEF93C732900861E00E4E221 /* Products */;
			projectDirPath = "";
			projectRoot = "";
			targets = (
				FEF93C712900861E00E4E221 /* Challenge */,
				FEF93C872900861F00E4E221 /* ChallengeTests */,
				FEF93C912900861F00E4E221 /* ChallengeUITests */,
			);
		};
/* End PBXProject section */

/* Begin PBXResourcesBuildPhase section */
		FEF93C702900861E00E4E221 /* Resources */ = {
			isa = PBXResourcesBuildPhase;
			buildActionMask = 2147483647;
			files = (
				FEF93C822900861F00E4E221 /* LaunchScreen.storyboard in Resources */,
				FEF93C7F2900861F00E4E221 /* Assets.xcassets in Resources */,
				FEF93C7D2900861E00E4E221 /* Main.storyboard in Resources */,
				FECB508C29008BB200C1024B /* Item.json in Resources */,
			);
			runOnlyForDeploymentPostprocessing = 0;
		};
		FEF93C862900861F00E4E221 /* Resources */ = {
			isa = PBXResourcesBuildPhase;
			buildActionMask = 2147483647;
			files = (
			);
			runOnlyForDeploymentPostprocessing = 0;
		};
		FEF93C902900861F00E4E221 /* Resources */ = {
			isa = PBXResourcesBuildPhase;
			buildActionMask = 2147483647;
			files = (
			);
			runOnlyForDeploymentPostprocessing = 0;
		};
/* End PBXResourcesBuildPhase section */

/* Begin PBXSourcesBuildPhase section */
		FEF93C6E2900861E00E4E221 /* Sources */ = {
			isa = PBXSourcesBuildPhase;
			buildActionMask = 2147483647;
			files = (
				FECB50892900888100C1024B /* ItemModel.swift in Sources */,
				FE47748F2900A2890084CBF9 /* Presenter.swift in Sources */,
				FEF93C7A2900861E00E4E221 /* ViewController.swift in Sources */,
				FECB509329009A8700C1024B /* DataLayerProtocol.swift in Sources */,
				FE47748C2900A2270084CBF9 /* ItemViewModel.swift in Sources */,
				FECB5085290087D000C1024B /* DataLayer.swift in Sources */,
				FEF93C762900861E00E4E221 /* AppDelegate.swift in Sources */,
				FE4774862900A15B0084CBF9 /* DomainStructures.swift in Sources */,
				FE4774912900A3D50084CBF9 /* PresenterProtocol.swift in Sources */,
				FE4774892900A1C90084CBF9 /* DateHelper.swift in Sources */,
				FEF93C782900861E00E4E221 /* SceneDelegate.swift in Sources */,
				FECB50902900903A00C1024B /* myTableViewCell.swift in Sources */,
			);
			runOnlyForDeploymentPostprocessing = 0;
		};
		FEF93C842900861F00E4E221 /* Sources */ = {
			isa = PBXSourcesBuildPhase;
			buildActionMask = 2147483647;
			files = (
				FEF93C8D2900861F00E4E221 /* ChallengeTests.swift in Sources */,
			);
			runOnlyForDeploymentPostprocessing = 0;
		};
		FEF93C8E2900861F00E4E221 /* Sources */ = {
			isa = PBXSourcesBuildPhase;
			buildActionMask = 2147483647;
			files = (
				FEF93C992900861F00E4E221 /* ChallengeUITestsLaunchTests.swift in Sources */,
				FEF93C972900861F00E4E221 /* ChallengeUITests.swift in Sources */,
			);
			runOnlyForDeploymentPostprocessing = 0;
		};
/* End PBXSourcesBuildPhase section */

/* Begin PBXTargetDependency section */
		FEF93C8A2900861F00E4E221 /* PBXTargetDependency */ = {
			isa = PBXTargetDependency;
			target = FEF93C712900861E00E4E221 /* Challenge */;
			targetProxy = FEF93C892900861F00E4E221 /* PBXContainerItemProxy */;
		};
		FEF93C942900861F00E4E221 /* PBXTargetDependency */ = {
			isa = PBXTargetDependency;
			target = FEF93C712900861E00E4E221 /* Challenge */;
			targetProxy = FEF93C932900861F00E4E221 /* PBXContainerItemProxy */;
		};
/* End PBXTargetDependency section */

/* Begin PBXVariantGroup section */
		FEF93C7B2900861E00E4E221 /* Main.storyboard */ = {
			isa = PBXVariantGroup;
			children = (
				FEF93C7C2900861E00E4E221 /* Base */,
			);
			name = Main.storyboard;
			sourceTree = "<group>";
		};
		FEF93C802900861F00E4E221 /* LaunchScreen.storyboard */ = {
			isa = PBXVariantGroup;
			children = (
				FEF93C812900861F00E4E221 /* Base */,
			);
			name = LaunchScreen.storyboard;
			sourceTree = "<group>";
		};
/* End PBXVariantGroup section */

/* Begin XCBuildConfiguration section */
		FEF93C9A2900861F00E4E221 /* Debug */ = {
			isa = XCBuildConfiguration;
			buildSettings = {
				ALWAYS_SEARCH_USER_PATHS = NO;
				CLANG_ANALYZER_NONNULL = YES;
				CLANG_ANALYZER_NUMBER_OBJECT_CONVERSION = YES_AGGRESSIVE;
				CLANG_CXX_LANGUAGE_STANDARD = "gnu++17";
				CLANG_ENABLE_MODULES = YES;
				CLANG_ENABLE_OBJC_ARC = YES;
				CLANG_ENABLE_OBJC_WEAK = YES;
				CLANG_WARN_BLOCK_CAPTURE_AUTORELEASING = YES;
				CLANG_WARN_BOOL_CONVERSION = YES;
				CLANG_WARN_COMMA = YES;
				CLANG_WARN_CONSTANT_CONVERSION = YES;
				CLANG_WARN_DEPRECATED_OBJC_IMPLEMENTATIONS = YES;
				CLANG_WARN_DIRECT_OBJC_ISA_USAGE = YES_ERROR;
				CLANG_WARN_DOCUMENTATION_COMMENTS = YES;
				CLANG_WARN_EMPTY_BODY = YES;
				CLANG_WARN_ENUM_CONVERSION = YES;
				CLANG_WARN_INFINITE_RECURSION = YES;
				CLANG_WARN_INT_CONVERSION = YES;
				CLANG_WARN_NON_LITERAL_NULL_CONVERSION = YES;
				CLANG_WARN_OBJC_IMPLICIT_RETAIN_SELF = YES;
				CLANG_WARN_OBJC_LITERAL_CONVERSION = YES;
				CLANG_WARN_OBJC_ROOT_CLASS = YES_ERROR;
				CLANG_WARN_QUOTED_INCLUDE_IN_FRAMEWORK_HEADER = YES;
				CLANG_WARN_RANGE_LOOP_ANALYSIS = YES;
				CLANG_WARN_STRICT_PROTOTYPES = YES;
				CLANG_WARN_SUSPICIOUS_MOVE = YES;
				CLANG_WARN_UNGUARDED_AVAILABILITY = YES_AGGRESSIVE;
				CLANG_WARN_UNREACHABLE_CODE = YES;
				CLANG_WARN__DUPLICATE_METHOD_MATCH = YES;
				COPY_PHASE_STRIP = NO;
				DEBUG_INFORMATION_FORMAT = dwarf;
				ENABLE_STRICT_OBJC_MSGSEND = YES;
				ENABLE_TESTABILITY = YES;
				GCC_C_LANGUAGE_STANDARD = gnu11;
				GCC_DYNAMIC_NO_PIC = NO;
				GCC_NO_COMMON_BLOCKS = YES;
				GCC_OPTIMIZATION_LEVEL = 0;
				GCC_PREPROCESSOR_DEFINITIONS = (
					"DEBUG=1",
					"$(inherited)",
				);
				GCC_WARN_64_TO_32_BIT_CONVERSION = YES;
				GCC_WARN_ABOUT_RETURN_TYPE = YES_ERROR;
				GCC_WARN_UNDECLARED_SELECTOR = YES;
				GCC_WARN_UNINITIALIZED_AUTOS = YES_AGGRESSIVE;
				GCC_WARN_UNUSED_FUNCTION = YES;
				GCC_WARN_UNUSED_VARIABLE = YES;
				IPHONEOS_DEPLOYMENT_TARGET = 15.4;
				MTL_ENABLE_DEBUG_INFO = INCLUDE_SOURCE;
				MTL_FAST_MATH = YES;
				ONLY_ACTIVE_ARCH = YES;
				SDKROOT = iphoneos;
				SWIFT_ACTIVE_COMPILATION_CONDITIONS = DEBUG;
				SWIFT_OPTIMIZATION_LEVEL = "-Onone";
			};
			name = Debug;
		};
		FEF93C9B2900861F00E4E221 /* Release */ = {
			isa = XCBuildConfiguration;
			buildSettings = {
				ALWAYS_SEARCH_USER_PATHS = NO;
				CLANG_ANALYZER_NONNULL = YES;
				CLANG_ANALYZER_NUMBER_OBJECT_CONVERSION = YES_AGGRESSIVE;
				CLANG_CXX_LANGUAGE_STANDARD = "gnu++17";
				CLANG_ENABLE_MODULES = YES;
				CLANG_ENABLE_OBJC_ARC = YES;
				CLANG_ENABLE_OBJC_WEAK = YES;
				CLANG_WARN_BLOCK_CAPTURE_AUTORELEASING = YES;
				CLANG_WARN_BOOL_CONVERSION = YES;
				CLANG_WARN_COMMA = YES;
				CLANG_WARN_CONSTANT_CONVERSION = YES;
				CLANG_WARN_DEPRECATED_OBJC_IMPLEMENTATIONS = YES;
				CLANG_WARN_DIRECT_OBJC_ISA_USAGE = YES_ERROR;
				CLANG_WARN_DOCUMENTATION_COMMENTS = YES;
				CLANG_WARN_EMPTY_BODY = YES;
				CLANG_WARN_ENUM_CONVERSION = YES;
				CLANG_WARN_INFINITE_RECURSION = YES;
				CLANG_WARN_INT_CONVERSION = YES;
				CLANG_WARN_NON_LITERAL_NULL_CONVERSION = YES;
				CLANG_WARN_OBJC_IMPLICIT_RETAIN_SELF = YES;
				CLANG_WARN_OBJC_LITERAL_CONVERSION = YES;
				CLANG_WARN_OBJC_ROOT_CLASS = YES_ERROR;
				CLANG_WARN_QUOTED_INCLUDE_IN_FRAMEWORK_HEADER = YES;
				CLANG_WARN_RANGE_LOOP_ANALYSIS = YES;
				CLANG_WARN_STRICT_PROTOTYPES = YES;
				CLANG_WARN_SUSPICIOUS_MOVE = YES;
				CLANG_WARN_UNGUARDED_AVAILABILITY = YES_AGGRESSIVE;
				CLANG_WARN_UNREACHABLE_CODE = YES;
				CLANG_WARN__DUPLICATE_METHOD_MATCH = YES;
				COPY_PHASE_STRIP = NO;
				DEBUG_INFORMATION_FORMAT = "dwarf-with-dsym";
				ENABLE_NS_ASSERTIONS = NO;
				ENABLE_STRICT_OBJC_MSGSEND = YES;
				GCC_C_LANGUAGE_STANDARD = gnu11;
				GCC_NO_COMMON_BLOCKS = YES;
				GCC_WARN_64_TO_32_BIT_CONVERSION = YES;
				GCC_WARN_ABOUT_RETURN_TYPE = YES_ERROR;
				GCC_WARN_UNDECLARED_SELECTOR = YES;
				GCC_WARN_UNINITIALIZED_AUTOS = YES_AGGRESSIVE;
				GCC_WARN_UNUSED_FUNCTION = YES;
				GCC_WARN_UNUSED_VARIABLE = YES;
				IPHONEOS_DEPLOYMENT_TARGET = 15.4;
				MTL_ENABLE_DEBUG_INFO = NO;
				MTL_FAST_MATH = YES;
				SDKROOT = iphoneos;
				SWIFT_COMPILATION_MODE = wholemodule;
				SWIFT_OPTIMIZATION_LEVEL = "-O";
				VALIDATE_PRODUCT = YES;
			};
			name = Release;
		};
		FEF93C9D2900861F00E4E221 /* Debug */ = {
			isa = XCBuildConfiguration;
			buildSettings = {
				ASSETCATALOG_COMPILER_APPICON_NAME = AppIcon;
				ASSETCATALOG_COMPILER_GLOBAL_ACCENT_COLOR_NAME = AccentColor;
				CODE_SIGN_STYLE = Automatic;
				CURRENT_PROJECT_VERSION = 1;
				DEVELOPMENT_TEAM = 6RWDU7DGQQ;
				GENERATE_INFOPLIST_FILE = YES;
				INFOPLIST_FILE = Challenge/Info.plist;
				INFOPLIST_KEY_UIApplicationSupportsIndirectInputEvents = YES;
				INFOPLIST_KEY_UILaunchStoryboardName = LaunchScreen;
				INFOPLIST_KEY_UIMainStoryboardFile = Main;
				INFOPLIST_KEY_UISupportedInterfaceOrientations_iPad = "UIInterfaceOrientationPortrait UIInterfaceOrientationPortraitUpsideDown UIInterfaceOrientationLandscapeLeft UIInterfaceOrientationLandscapeRight";
				INFOPLIST_KEY_UISupportedInterfaceOrientations_iPhone = "UIInterfaceOrientationPortrait UIInterfaceOrientationLandscapeLeft UIInterfaceOrientationLandscapeRight";
				LD_RUNPATH_SEARCH_PATHS = (
					"$(inherited)",
					"@executable_path/Frameworks",
				);
				MARKETING_VERSION = 1.0;
				PRODUCT_BUNDLE_IDENTIFIER = com.test.Challenge;
				PRODUCT_NAME = "$(TARGET_NAME)";
				SWIFT_EMIT_LOC_STRINGS = YES;
				SWIFT_VERSION = 5.0;
				TARGETED_DEVICE_FAMILY = "1,2";
			};
			name = Debug;
		};
		FEF93C9E2900861F00E4E221 /* Release */ = {
			isa = XCBuildConfiguration;
			buildSettings = {
				ASSETCATALOG_COMPILER_APPICON_NAME = AppIcon;
				ASSETCATALOG_COMPILER_GLOBAL_ACCENT_COLOR_NAME = AccentColor;
				CODE_SIGN_STYLE = Automatic;
				CURRENT_PROJECT_VERSION = 1;
				DEVELOPMENT_TEAM = 6RWDU7DGQQ;
				GENERATE_INFOPLIST_FILE = YES;
				INFOPLIST_FILE = Challenge/Info.plist;
				INFOPLIST_KEY_UIApplicationSupportsIndirectInputEvents = YES;
				INFOPLIST_KEY_UILaunchStoryboardName = LaunchScreen;
				INFOPLIST_KEY_UIMainStoryboardFile = Main;
				INFOPLIST_KEY_UISupportedInterfaceOrientations_iPad = "UIInterfaceOrientationPortrait UIInterfaceOrientationPortraitUpsideDown UIInterfaceOrientationLandscapeLeft UIInterfaceOrientationLandscapeRight";
				INFOPLIST_KEY_UISupportedInterfaceOrientations_iPhone = "UIInterfaceOrientationPortrait UIInterfaceOrientationLandscapeLeft UIInterfaceOrientationLandscapeRight";
				LD_RUNPATH_SEARCH_PATHS = (
					"$(inherited)",
					"@executable_path/Frameworks",
				);
				MARKETING_VERSION = 1.0;
				PRODUCT_BUNDLE_IDENTIFIER = com.test.Challenge;
				PRODUCT_NAME = "$(TARGET_NAME)";
				SWIFT_EMIT_LOC_STRINGS = YES;
				SWIFT_VERSION = 5.0;
				TARGETED_DEVICE_FAMILY = "1,2";
			};
			name = Release;
		};
		FEF93CA02900861F00E4E221 /* Debug */ = {
			isa = XCBuildConfiguration;
			buildSettings = {
				ALWAYS_EMBED_SWIFT_STANDARD_LIBRARIES = YES;
				BUNDLE_LOADER = "$(TEST_HOST)";
				CODE_SIGN_STYLE = Automatic;
				CURRENT_PROJECT_VERSION = 1;
				DEVELOPMENT_TEAM = 6RWDU7DGQQ;
				GENERATE_INFOPLIST_FILE = YES;
				IPHONEOS_DEPLOYMENT_TARGET = 15.4;
				MARKETING_VERSION = 1.0;
				PRODUCT_BUNDLE_IDENTIFIER = com.test.ChallengeTests;
				PRODUCT_NAME = "$(TARGET_NAME)";
				SWIFT_EMIT_LOC_STRINGS = NO;
				SWIFT_VERSION = 5.0;
				TARGETED_DEVICE_FAMILY = "1,2";
				TEST_HOST = "$(BUILT_PRODUCTS_DIR)/Challenge.app/Challenge";
			};
			name = Debug;
		};
		FEF93CA12900861F00E4E221 /* Release */ = {
			isa = XCBuildConfiguration;
			buildSettings = {
				ALWAYS_EMBED_SWIFT_STANDARD_LIBRARIES = YES;
				BUNDLE_LOADER = "$(TEST_HOST)";
				CODE_SIGN_STYLE = Automatic;
				CURRENT_PROJECT_VERSION = 1;
				DEVELOPMENT_TEAM = 6RWDU7DGQQ;
				GENERATE_INFOPLIST_FILE = YES;
				IPHONEOS_DEPLOYMENT_TARGET = 15.4;
				MARKETING_VERSION = 1.0;
				PRODUCT_BUNDLE_IDENTIFIER = com.test.ChallengeTests;
				PRODUCT_NAME = "$(TARGET_NAME)";
				SWIFT_EMIT_LOC_STRINGS = NO;
				SWIFT_VERSION = 5.0;
				TARGETED_DEVICE_FAMILY = "1,2";
				TEST_HOST = "$(BUILT_PRODUCTS_DIR)/Challenge.app/Challenge";
			};
			name = Release;
		};
		FEF93CA32900861F00E4E221 /* Debug */ = {
			isa = XCBuildConfiguration;
			buildSettings = {
				ALWAYS_EMBED_SWIFT_STANDARD_LIBRARIES = YES;
				CODE_SIGN_STYLE = Automatic;
				CURRENT_PROJECT_VERSION = 1;
				DEVELOPMENT_TEAM = 6RWDU7DGQQ;
				GENERATE_INFOPLIST_FILE = YES;
				MARKETING_VERSION = 1.0;
				PRODUCT_BUNDLE_IDENTIFIER = com.test.ChallengeUITests;
				PRODUCT_NAME = "$(TARGET_NAME)";
				SWIFT_EMIT_LOC_STRINGS = NO;
				SWIFT_VERSION = 5.0;
				TARGETED_DEVICE_FAMILY = "1,2";
				TEST_TARGET_NAME = Challenge;
			};
			name = Debug;
		};
		FEF93CA42900861F00E4E221 /* Release */ = {
			isa = XCBuildConfiguration;
			buildSettings = {
				ALWAYS_EMBED_SWIFT_STANDARD_LIBRARIES = YES;
				CODE_SIGN_STYLE = Automatic;
				CURRENT_PROJECT_VERSION = 1;
				DEVELOPMENT_TEAM = 6RWDU7DGQQ;
				GENERATE_INFOPLIST_FILE = YES;
				MARKETING_VERSION = 1.0;
				PRODUCT_BUNDLE_IDENTIFIER = com.test.ChallengeUITests;
				PRODUCT_NAME = "$(TARGET_NAME)";
				SWIFT_EMIT_LOC_STRINGS = NO;
				SWIFT_VERSION = 5.0;
				TARGETED_DEVICE_FAMILY = "1,2";
				TEST_TARGET_NAME = Challenge;
			};
			name = Release;
		};
/* End XCBuildConfiguration section */

/* Begin XCConfigurationList section */
		FEF93C6D2900861E00E4E221 /* Build configuration list for PBXProject "Challenge" */ = {
			isa = XCConfigurationList;
			buildConfigurations = (
				FEF93C9A2900861F00E4E221 /* Debug */,
				FEF93C9B2900861F00E4E221 /* Release */,
			);
			defaultConfigurationIsVisible = 0;
			defaultConfigurationName = Release;
		};
		FEF93C9C2900861F00E4E221 /* Build configuration list for PBXNativeTarget "Challenge" */ = {
			isa = XCConfigurationList;
			buildConfigurations = (
				FEF93C9D2900861F00E4E221 /* Debug */,
				FEF93C9E2900861F00E4E221 /* Release */,
			);
			defaultConfigurationIsVisible = 0;
			defaultConfigurationName = Release;
		};
		FEF93C9F2900861F00E4E221 /* Build configuration list for PBXNativeTarget "ChallengeTests" */ = {
			isa = XCConfigurationList;
			buildConfigurations = (
				FEF93CA02900861F00E4E221 /* Debug */,
				FEF93CA12900861F00E4E221 /* Release */,
			);
			defaultConfigurationIsVisible = 0;
			defaultConfigurationName = Release;
		};
		FEF93CA22900861F00E4E221 /* Build configuration list for PBXNativeTarget "ChallengeUITests" */ = {
			isa = XCConfigurationList;
			buildConfigurations = (
				FEF93CA32900861F00E4E221 /* Debug */,
				FEF93CA42900861F00E4E221 /* Release */,
			);
			defaultConfigurationIsVisible = 0;
			defaultConfigurationName = Release;
		};
/* End XCConfigurationList section */
	};
	rootObject = FEF93C6A2900861E00E4E221 /* Project object */;
}
